// !$*UTF8*$!
{
	archiveVersion = 1;
	classes = {
	};
	objectVersion = 50;
	objects = {

/* Begin PBXBuildFile section */
		2744673121B1F39100E8338E /* GenerateThumbnailForURL.c in Sources */ = {isa = PBXBuildFile; fileRef = 2744673021B1F39100E8338E /* GenerateThumbnailForURL.c */; };
		2744673321B1F39100E8338E /* GeneratePreviewForURL.c in Sources */ = {isa = PBXBuildFile; fileRef = 2744673221B1F39100E8338E /* GeneratePreviewForURL.c */; };
		2744673521B1F39100E8338E /* main.c in Sources */ = {isa = PBXBuildFile; fileRef = 2744673421B1F39100E8338E /* main.c */; };
		2744674C21B1F95A00E8338E /* GLTF.framework in Frameworks */ = {isa = PBXBuildFile; fileRef = 2744674521B1F94300E8338E /* GLTF.framework */; };
		2744674D21B1F95F00E8338E /* GLTFSCN.framework in Frameworks */ = {isa = PBXBuildFile; fileRef = 2744674B21B1F95100E8338E /* GLTFSCN.framework */; };
		2744674F21B1FA1900E8338E /* GLTFSCN.framework in CopyFiles */ = {isa = PBXBuildFile; fileRef = 2744674B21B1F95100E8338E /* GLTFSCN.framework */; settings = {ATTRIBUTES = (CodeSignOnCopy, RemoveHeadersOnCopy, ); }; };
		2744675021B1FA1900E8338E /* GLTF.framework in CopyFiles */ = {isa = PBXBuildFile; fileRef = 2744674521B1F94300E8338E /* GLTF.framework */; settings = {ATTRIBUTES = (CodeSignOnCopy, RemoveHeadersOnCopy, ); }; };
/* End PBXBuildFile section */

/* Begin PBXContainerItemProxy section */
		2744674421B1F94300E8338E /* PBXContainerItemProxy */ = {
			isa = PBXContainerItemProxy;
			containerPortal = 2744674021B1F94300E8338E /* GLTF.xcodeproj */;
			proxyType = 2;
			remoteGlobalIDString = 83D6FF481F48BB3A00F71E0C;
			remoteInfo = GLTF;
		};
		2744674A21B1F95100E8338E /* PBXContainerItemProxy */ = {
			isa = PBXContainerItemProxy;
			containerPortal = 2744674621B1F95100E8338E /* GLTFSCN.xcodeproj */;
			proxyType = 2;
			remoteGlobalIDString = 83A2D6E91F9961AC00FB8874;
			remoteInfo = GLTFSCN;
		};
/* End PBXContainerItemProxy section */

/* Begin PBXCopyFilesBuildPhase section */
		2744674E21B1FA1100E8338E /* CopyFiles */ = {
			isa = PBXCopyFilesBuildPhase;
			buildActionMask = 2147483647;
			dstPath = "";
			dstSubfolderSpec = 7;
			files = (
				2744674F21B1FA1900E8338E /* GLTFSCN.framework in CopyFiles */,
				2744675021B1FA1900E8338E /* GLTF.framework in CopyFiles */,
			);
			runOnlyForDeploymentPostprocessing = 0;
		};
/* End PBXCopyFilesBuildPhase section */

/* Begin PBXFileReference section */
		2744672D21B1F39100E8338E /* glTF-qucklook.qlgenerator */ = {isa = PBXFileReference; explicitFileType = wrapper.cfbundle; includeInIndex = 0; path = "glTF-qucklook.qlgenerator"; sourceTree = BUILT_PRODUCTS_DIR; };
		2744673021B1F39100E8338E /* GenerateThumbnailForURL.c */ = {isa = PBXFileReference; lastKnownFileType = sourcecode.c.c; path = GenerateThumbnailForURL.c; sourceTree = "<group>"; };
		2744673221B1F39100E8338E /* GeneratePreviewForURL.c */ = {isa = PBXFileReference; lastKnownFileType = sourcecode.c.c; path = GeneratePreviewForURL.c; sourceTree = "<group>"; };
		2744673421B1F39100E8338E /* main.c */ = {isa = PBXFileReference; lastKnownFileType = sourcecode.c.c; path = main.c; sourceTree = "<group>"; };
		2744673621B1F39100E8338E /* Info.plist */ = {isa = PBXFileReference; lastKnownFileType = text.plist.xml; path = Info.plist; sourceTree = "<group>"; };
		2744674021B1F94300E8338E /* GLTF.xcodeproj */ = {isa = PBXFileReference; lastKnownFileType = "wrapper.pb-project"; name = GLTF.xcodeproj; path = GLTFKit/Framework/GLTF/GLTF.xcodeproj; sourceTree = "<group>"; };
		2744674621B1F95100E8338E /* GLTFSCN.xcodeproj */ = {isa = PBXFileReference; lastKnownFileType = "wrapper.pb-project"; name = GLTFSCN.xcodeproj; path = GLTFKit/Framework/GLTFSCN/GLTFSCN.xcodeproj; sourceTree = "<group>"; };
/* End PBXFileReference section */

/* Begin PBXFrameworksBuildPhase section */
		2744672A21B1F39100E8338E /* Frameworks */ = {
			isa = PBXFrameworksBuildPhase;
			buildActionMask = 2147483647;
			files = (
				2744674D21B1F95F00E8338E /* GLTFSCN.framework in Frameworks */,
				2744674C21B1F95A00E8338E /* GLTF.framework in Frameworks */,
			);
			runOnlyForDeploymentPostprocessing = 0;
		};
/* End PBXFrameworksBuildPhase section */

/* Begin PBXGroup section */
		2744672321B1F39100E8338E = {
			isa = PBXGroup;
			children = (
				2744672F21B1F39100E8338E /* glTF-qucklook */,
				2744672E21B1F39100E8338E /* Products */,
				2744673F21B1F94300E8338E /* Frameworks */,
			);
			sourceTree = "<group>";
		};
		2744672E21B1F39100E8338E /* Products */ = {
			isa = PBXGroup;
			children = (
				2744672D21B1F39100E8338E /* glTF-qucklook.qlgenerator */,
			);
			name = Products;
			sourceTree = "<group>";
		};
		2744672F21B1F39100E8338E /* glTF-qucklook */ = {
			isa = PBXGroup;
			children = (
				2744673021B1F39100E8338E /* GenerateThumbnailForURL.c */,
				2744673221B1F39100E8338E /* GeneratePreviewForURL.c */,
				2744673421B1F39100E8338E /* main.c */,
				2744673621B1F39100E8338E /* Info.plist */,
			);
			path = "glTF-qucklook";
			sourceTree = "<group>";
		};
		2744673F21B1F94300E8338E /* Frameworks */ = {
			isa = PBXGroup;
			children = (
				2744674621B1F95100E8338E /* GLTFSCN.xcodeproj */,
				2744674021B1F94300E8338E /* GLTF.xcodeproj */,
			);
			name = Frameworks;
			sourceTree = "<group>";
		};
		2744674121B1F94300E8338E /* Products */ = {
			isa = PBXGroup;
			children = (
				2744674521B1F94300E8338E /* GLTF.framework */,
			);
			name = Products;
			sourceTree = "<group>";
		};
		2744674721B1F95100E8338E /* Products */ = {
			isa = PBXGroup;
			children = (
				2744674B21B1F95100E8338E /* GLTFSCN.framework */,
			);
			name = Products;
			sourceTree = "<group>";
		};
/* End PBXGroup section */

/* Begin PBXHeadersBuildPhase section */
		2744672821B1F39100E8338E /* Headers */ = {
			isa = PBXHeadersBuildPhase;
			buildActionMask = 2147483647;
			files = (
			);
			runOnlyForDeploymentPostprocessing = 0;
		};
/* End PBXHeadersBuildPhase section */

/* Begin PBXNativeTarget section */
		2744672C21B1F39100E8338E /* glTF-qucklook */ = {
			isa = PBXNativeTarget;
			buildConfigurationList = 2744673921B1F39100E8338E /* Build configuration list for PBXNativeTarget "glTF-qucklook" */;
			buildPhases = (
				2744672821B1F39100E8338E /* Headers */,
				2744672921B1F39100E8338E /* Sources */,
				2744672A21B1F39100E8338E /* Frameworks */,
				2744672B21B1F39100E8338E /* Resources */,
				2744674E21B1FA1100E8338E /* CopyFiles */,
			);
			buildRules = (
			);
			dependencies = (
			);
			name = "glTF-qucklook";
			productName = "glTF-qucklook";
			productReference = 2744672D21B1F39100E8338E /* glTF-qucklook.qlgenerator */;
			productType = "com.apple.product-type.bundle";
		};
/* End PBXNativeTarget section */

/* Begin PBXProject section */
		2744672421B1F39100E8338E /* Project object */ = {
			isa = PBXProject;
			attributes = {
				LastUpgradeCheck = 1010;
				ORGANIZATIONNAME = "Klochkov Anton";
				TargetAttributes = {
					2744672C21B1F39100E8338E = {
						CreatedOnToolsVersion = 10.1;
					};
				};
			};
			buildConfigurationList = 2744672721B1F39100E8338E /* Build configuration list for PBXProject "glTF-qucklook" */;
			compatibilityVersion = "Xcode 9.3";
			developmentRegion = en;
			hasScannedForEncodings = 0;
			knownRegions = (
				en,
			);
			mainGroup = 2744672321B1F39100E8338E;
			productRefGroup = 2744672E21B1F39100E8338E /* Products */;
			projectDirPath = "";
			projectReferences = (
				{
					ProductGroup = 2744674121B1F94300E8338E /* Products */;
					ProjectRef = 2744674021B1F94300E8338E /* GLTF.xcodeproj */;
				},
				{
					ProductGroup = 2744674721B1F95100E8338E /* Products */;
					ProjectRef = 2744674621B1F95100E8338E /* GLTFSCN.xcodeproj */;
				},
			);
			projectRoot = "";
			targets = (
				2744672C21B1F39100E8338E /* glTF-qucklook */,
			);
		};
/* End PBXProject section */

/* Begin PBXReferenceProxy section */
		2744674521B1F94300E8338E /* GLTF.framework */ = {
			isa = PBXReferenceProxy;
			fileType = wrapper.framework;
			path = GLTF.framework;
			remoteRef = 2744674421B1F94300E8338E /* PBXContainerItemProxy */;
			sourceTree = BUILT_PRODUCTS_DIR;
		};
		2744674B21B1F95100E8338E /* GLTFSCN.framework */ = {
			isa = PBXReferenceProxy;
			fileType = wrapper.framework;
			path = GLTFSCN.framework;
			remoteRef = 2744674A21B1F95100E8338E /* PBXContainerItemProxy */;
			sourceTree = BUILT_PRODUCTS_DIR;
		};
/* End PBXReferenceProxy section */

/* Begin PBXResourcesBuildPhase section */
		2744672B21B1F39100E8338E /* Resources */ = {
			isa = PBXResourcesBuildPhase;
			buildActionMask = 2147483647;
			files = (
			);
			runOnlyForDeploymentPostprocessing = 0;
		};
/* End PBXResourcesBuildPhase section */

/* Begin PBXSourcesBuildPhase section */
		2744672921B1F39100E8338E /* Sources */ = {
			isa = PBXSourcesBuildPhase;
			buildActionMask = 2147483647;
			files = (
				2744673121B1F39100E8338E /* GenerateThumbnailForURL.c in Sources */,
				2744673321B1F39100E8338E /* GeneratePreviewForURL.c in Sources */,
				2744673521B1F39100E8338E /* main.c in Sources */,
			);
			runOnlyForDeploymentPostprocessing = 0;
		};
/* End PBXSourcesBuildPhase section */

/* Begin XCBuildConfiguration section */
		2744673721B1F39100E8338E /* Debug */ = {
			isa = XCBuildConfiguration;
			buildSettings = {
				ALWAYS_SEARCH_USER_PATHS = NO;
				CLANG_ANALYZER_NONNULL = YES;
				CLANG_ANALYZER_NUMBER_OBJECT_CONVERSION = YES_AGGRESSIVE;
				CLANG_CXX_LANGUAGE_STANDARD = "gnu++14";
				CLANG_CXX_LIBRARY = "libc++";
				CLANG_ENABLE_MODULES = YES;
				CLANG_ENABLE_OBJC_ARC = YES;
				CLANG_ENABLE_OBJC_WEAK = YES;
				CLANG_WARN_BLOCK_CAPTURE_AUTORELEASING = YES;
				CLANG_WARN_BOOL_CONVERSION = YES;
				CLANG_WARN_COMMA = YES;
				CLANG_WARN_CONSTANT_CONVERSION = YES;
				CLANG_WARN_DEPRECATED_OBJC_IMPLEMENTATIONS = YES;
				CLANG_WARN_DIRECT_OBJC_ISA_USAGE = YES_ERROR;
				CLANG_WARN_DOCUMENTATION_COMMENTS = YES;
				CLANG_WARN_EMPTY_BODY = YES;
				CLANG_WARN_ENUM_CONVERSION = YES;
				CLANG_WARN_INFINITE_RECURSION = YES;
				CLANG_WARN_INT_CONVERSION = YES;
				CLANG_WARN_NON_LITERAL_NULL_CONVERSION = YES;
				CLANG_WARN_OBJC_IMPLICIT_RETAIN_SELF = YES;
				CLANG_WARN_OBJC_LITERAL_CONVERSION = YES;
				CLANG_WARN_OBJC_ROOT_CLASS = YES_ERROR;
				CLANG_WARN_RANGE_LOOP_ANALYSIS = YES;
				CLANG_WARN_STRICT_PROTOTYPES = YES;
				CLANG_WARN_SUSPICIOUS_MOVE = YES;
				CLANG_WARN_UNGUARDED_AVAILABILITY = YES_AGGRESSIVE;
				CLANG_WARN_UNREACHABLE_CODE = YES;
				CLANG_WARN__DUPLICATE_METHOD_MATCH = YES;
				CODE_SIGN_IDENTITY = "Mac Developer";
				COPY_PHASE_STRIP = NO;
				DEBUG_INFORMATION_FORMAT = dwarf;
				ENABLE_STRICT_OBJC_MSGSEND = YES;
				ENABLE_TESTABILITY = YES;
				GCC_C_LANGUAGE_STANDARD = gnu11;
				GCC_DYNAMIC_NO_PIC = NO;
				GCC_NO_COMMON_BLOCKS = YES;
				GCC_OPTIMIZATION_LEVEL = 0;
				GCC_PREPROCESSOR_DEFINITIONS = (
					"DEBUG=1",
					"$(inherited)",
				);
				GCC_WARN_64_TO_32_BIT_CONVERSION = YES;
				GCC_WARN_ABOUT_RETURN_TYPE = YES_ERROR;
				GCC_WARN_UNDECLARED_SELECTOR = YES;
				GCC_WARN_UNINITIALIZED_AUTOS = YES_AGGRESSIVE;
				GCC_WARN_UNUSED_FUNCTION = YES;
				GCC_WARN_UNUSED_VARIABLE = YES;
				MACOSX_DEPLOYMENT_TARGET = 10.14;
				MTL_ENABLE_DEBUG_INFO = INCLUDE_SOURCE;
				MTL_FAST_MATH = YES;
				ONLY_ACTIVE_ARCH = YES;
				SDKROOT = macosx;
			};
			name = Debug;
		};
		2744673821B1F39100E8338E /* Release */ = {
			isa = XCBuildConfiguration;
			buildSettings = {
				ALWAYS_SEARCH_USER_PATHS = NO;
				CLANG_ANALYZER_NONNULL = YES;
				CLANG_ANALYZER_NUMBER_OBJECT_CONVERSION = YES_AGGRESSIVE;
				CLANG_CXX_LANGUAGE_STANDARD = "gnu++14";
				CLANG_CXX_LIBRARY = "libc++";
				CLANG_ENABLE_MODULES = YES;
				CLANG_ENABLE_OBJC_ARC = YES;
				CLANG_ENABLE_OBJC_WEAK = YES;
				CLANG_WARN_BLOCK_CAPTURE_AUTORELEASING = YES;
				CLANG_WARN_BOOL_CONVERSION = YES;
				CLANG_WARN_COMMA = YES;
				CLANG_WARN_CONSTANT_CONVERSION = YES;
				CLANG_WARN_DEPRECATED_OBJC_IMPLEMENTATIONS = YES;
				CLANG_WARN_DIRECT_OBJC_ISA_USAGE = YES_ERROR;
				CLANG_WARN_DOCUMENTATION_COMMENTS = YES;
				CLANG_WARN_EMPTY_BODY = YES;
				CLANG_WARN_ENUM_CONVERSION = YES;
				CLANG_WARN_INFINITE_RECURSION = YES;
				CLANG_WARN_INT_CONVERSION = YES;
				CLANG_WARN_NON_LITERAL_NULL_CONVERSION = YES;
				CLANG_WARN_OBJC_IMPLICIT_RETAIN_SELF = YES;
				CLANG_WARN_OBJC_LITERAL_CONVERSION = YES;
				CLANG_WARN_OBJC_ROOT_CLASS = YES_ERROR;
				CLANG_WARN_RANGE_LOOP_ANALYSIS = YES;
				CLANG_WARN_STRICT_PROTOTYPES = YES;
				CLANG_WARN_SUSPICIOUS_MOVE = YES;
				CLANG_WARN_UNGUARDED_AVAILABILITY = YES_AGGRESSIVE;
				CLANG_WARN_UNREACHABLE_CODE = YES;
				CLANG_WARN__DUPLICATE_METHOD_MATCH = YES;
				CODE_SIGN_IDENTITY = "Mac Developer";
				COPY_PHASE_STRIP = NO;
				DEBUG_INFORMATION_FORMAT = "dwarf-with-dsym";
				ENABLE_NS_ASSERTIONS = NO;
				ENABLE_STRICT_OBJC_MSGSEND = YES;
				GCC_C_LANGUAGE_STANDARD = gnu11;
				GCC_NO_COMMON_BLOCKS = YES;
				GCC_WARN_64_TO_32_BIT_CONVERSION = YES;
				GCC_WARN_ABOUT_RETURN_TYPE = YES_ERROR;
				GCC_WARN_UNDECLARED_SELECTOR = YES;
				GCC_WARN_UNINITIALIZED_AUTOS = YES_AGGRESSIVE;
				GCC_WARN_UNUSED_FUNCTION = YES;
				GCC_WARN_UNUSED_VARIABLE = YES;
				MACOSX_DEPLOYMENT_TARGET = 10.14;
				MTL_ENABLE_DEBUG_INFO = NO;
				MTL_FAST_MATH = YES;
				SDKROOT = macosx;
			};
			name = Release;
		};
		2744673A21B1F39100E8338E /* Debug */ = {
			isa = XCBuildConfiguration;
			buildSettings = {
				CODE_SIGN_STYLE = Automatic;
				COMBINE_HIDPI_IMAGES = YES;
				DEVELOPMENT_TEAM = 2G28BM99HR;
				INFOPLIST_FILE = "glTF-qucklook/Info.plist";
				INSTALL_PATH = /Library/QuickLook;
				PRODUCT_BUNDLE_IDENTIFIER = "com.ITS.glTF-qucklook";
				PRODUCT_NAME = "$(TARGET_NAME)";
				WRAPPER_EXTENSION = qlgenerator;
			};
			name = Debug;
		};
		2744673B21B1F39100E8338E /* Release */ = {
			isa = XCBuildConfiguration;
			buildSettings = {
				CODE_SIGN_STYLE = Automatic;
				COMBINE_HIDPI_IMAGES = YES;
				DEVELOPMENT_TEAM = 2G28BM99HR;
				INFOPLIST_FILE = "glTF-qucklook/Info.plist";
				INSTALL_PATH = /Library/QuickLook;
				PRODUCT_BUNDLE_IDENTIFIER = "com.ITS.glTF-qucklook";
				PRODUCT_NAME = "$(TARGET_NAME)";
				WRAPPER_EXTENSION = qlgenerator;
			};
			name = Release;
		};
/* End XCBuildConfiguration section */

/* Begin XCConfigurationList section */
		2744672721B1F39100E8338E /* Build configuration list for PBXProject "glTF-qucklook" */ = {
			isa = XCConfigurationList;
			buildConfigurations = (
				2744673721B1F39100E8338E /* Debug */,
				2744673821B1F39100E8338E /* Release */,
			);
			defaultConfigurationIsVisible = 0;
			defaultConfigurationName = Release;
		};
		2744673921B1F39100E8338E /* Build configuration list for PBXNativeTarget "glTF-qucklook" */ = {
			isa = XCConfigurationList;
			buildConfigurations = (
				2744673A21B1F39100E8338E /* Debug */,
				2744673B21B1F39100E8338E /* Release */,
			);
			defaultConfigurationIsVisible = 0;
			defaultConfigurationName = Release;
		};
/* End XCConfigurationList section */
	};
	rootObject = 2744672421B1F39100E8338E /* Project object */;
}
