// !$*UTF8*$!
{
	archiveVersion = 1;
	classes = {
	};
	objectVersion = 54;
	objects = {

/* Begin PBXBuildFile section */
		27077F9121B57DD00081C27D /* ErrorSymbol.scn in Resources */ = {isa = PBXBuildFile; fileRef = 27077F9021B57DC60081C27D /* ErrorSymbol.scn */; };
		27077FCD21B5A20C0081C27D /* SceneGenerator.h in Headers */ = {isa = PBXBuildFile; fileRef = 27077F9321B58C0D0081C27D /* SceneGenerator.h */; };
		27077FCE21B5A20C0081C27D /* SceneGenerator.m in Sources */ = {isa = PBXBuildFile; fileRef = 27077F9421B58C0D0081C27D /* SceneGenerator.m */; };
		27077FD121B5AE330081C27D /* ThumbnailGenerator.h in Headers */ = {isa = PBXBuildFile; fileRef = 27077FCF21B5AE330081C27D /* ThumbnailGenerator.h */; };
		27077FD221B5AE330081C27D /* ThumbnailGenerator.m in Sources */ = {isa = PBXBuildFile; fileRef = 27077FD021B5AE330081C27D /* ThumbnailGenerator.m */; };
		27077FD521B5B24B0081C27D /* SCNScene+BoundingBox.h in Headers */ = {isa = PBXBuildFile; fileRef = 27077FD321B5B24B0081C27D /* SCNScene+BoundingBox.h */; };
		27077FD621B5B24B0081C27D /* SCNScene+BoundingBox.m in Sources */ = {isa = PBXBuildFile; fileRef = 27077FD421B5B24B0081C27D /* SCNScene+BoundingBox.m */; };
		2707800821B5C9140081C27D /* json.hpp in Frameworks */ = {isa = PBXBuildFile; fileRef = 2707800421B5C9140081C27D /* json.hpp */; };
		2707800921B5C9140081C27D /* stb_image.h in Frameworks */ = {isa = PBXBuildFile; fileRef = 2707800521B5C9140081C27D /* stb_image.h */; };
		2707800A21B5C9140081C27D /* stb_image_write.h in Frameworks */ = {isa = PBXBuildFile; fileRef = 2707800621B5C9140081C27D /* stb_image_write.h */; };
		2707800B21B5C9140081C27D /* tiny_gltf.h in Frameworks */ = {isa = PBXBuildFile; fileRef = 2707800721B5C9140081C27D /* tiny_gltf.h */; };
		2744673121B1F39100E8338E /* GenerateThumbnailForURL.m in Sources */ = {isa = PBXBuildFile; fileRef = 2744673021B1F39100E8338E /* GenerateThumbnailForURL.m */; };
		2744673321B1F39100E8338E /* GeneratePreviewForURL.m in Sources */ = {isa = PBXBuildFile; fileRef = 2744673221B1F39100E8338E /* GeneratePreviewForURL.m */; };
		2744673521B1F39100E8338E /* main.c in Sources */ = {isa = PBXBuildFile; fileRef = 2744673421B1F39100E8338E /* main.c */; };
		27BDD5C7232D26F400D0A2F1 /* TinyGLTFSCN.h in Headers */ = {isa = PBXBuildFile; fileRef = 27BDD5C5232D26F400D0A2F1 /* TinyGLTFSCN.h */; };
		27BDD5C8232D26F400D0A2F1 /* TinyGLTFSCN.mm in Sources */ = {isa = PBXBuildFile; fileRef = 27BDD5C6232D26F400D0A2F1 /* TinyGLTFSCN.mm */; };
		27BDD5CC232D292800D0A2F1 /* libdracodec.a in Frameworks */ = {isa = PBXBuildFile; fileRef = 27BDD5C9232D292700D0A2F1 /* libdracodec.a */; };
		27BDD5CD232D292800D0A2F1 /* libdraco.a in Frameworks */ = {isa = PBXBuildFile; fileRef = 27BDD5CA232D292700D0A2F1 /* libdraco.a */; };
		27BDD5CE232D292800D0A2F1 /* libdracoenc.a in Frameworks */ = {isa = PBXBuildFile; fileRef = 27BDD5CB232D292800D0A2F1 /* libdracoenc.a */; };
		27BDD5D1232D31E000D0A2F1 /* GLTFSCNAnimationTargetPair.h in Headers */ = {isa = PBXBuildFile; fileRef = 27BDD5CF232D31E000D0A2F1 /* GLTFSCNAnimationTargetPair.h */; };
		27BDD5D4232D6EB900D0A2F1 /* GLTFSCNAnimationTargetPair.m in Sources */ = {isa = PBXBuildFile; fileRef = 27BDD5D3232D6EB900D0A2F1 /* GLTFSCNAnimationTargetPair.m */; };
/* End PBXBuildFile section */

/* Begin PBXCopyFilesBuildPhase section */
		2744674E21B1FA1100E8338E /* CopyFiles */ = {
			isa = PBXCopyFilesBuildPhase;
			buildActionMask = 2147483647;
			dstPath = "";
			dstSubfolderSpec = 10;
			files = (
			);
			runOnlyForDeploymentPostprocessing = 0;
		};
/* End PBXCopyFilesBuildPhase section */

/* Begin PBXFileReference section */
		27077F9021B57DC60081C27D /* ErrorSymbol.scn */ = {isa = PBXFileReference; lastKnownFileType = file.bplist; name = ErrorSymbol.scn; path = Resources/ErrorSymbol.scn; sourceTree = "<group>"; };
		27077F9321B58C0D0081C27D /* SceneGenerator.h */ = {isa = PBXFileReference; lastKnownFileType = sourcecode.c.h; path = SceneGenerator.h; sourceTree = "<group>"; };
		27077F9421B58C0D0081C27D /* SceneGenerator.m */ = {isa = PBXFileReference; lastKnownFileType = sourcecode.c.objc; path = SceneGenerator.m; sourceTree = "<group>"; };
		27077FCF21B5AE330081C27D /* ThumbnailGenerator.h */ = {isa = PBXFileReference; lastKnownFileType = sourcecode.c.h; path = ThumbnailGenerator.h; sourceTree = "<group>"; };
		27077FD021B5AE330081C27D /* ThumbnailGenerator.m */ = {isa = PBXFileReference; lastKnownFileType = sourcecode.c.objc; path = ThumbnailGenerator.m; sourceTree = "<group>"; };
		27077FD321B5B24B0081C27D /* SCNScene+BoundingBox.h */ = {isa = PBXFileReference; lastKnownFileType = sourcecode.c.h; path = "SCNScene+BoundingBox.h"; sourceTree = "<group>"; };
		27077FD421B5B24B0081C27D /* SCNScene+BoundingBox.m */ = {isa = PBXFileReference; lastKnownFileType = sourcecode.c.objc; path = "SCNScene+BoundingBox.m"; sourceTree = "<group>"; };
		2707800421B5C9140081C27D /* json.hpp */ = {isa = PBXFileReference; lastKnownFileType = sourcecode.cpp.h; name = json.hpp; path = tinygltf/json.hpp; sourceTree = "<group>"; };
		2707800521B5C9140081C27D /* stb_image.h */ = {isa = PBXFileReference; lastKnownFileType = sourcecode.c.h; name = stb_image.h; path = tinygltf/stb_image.h; sourceTree = "<group>"; };
		2707800621B5C9140081C27D /* stb_image_write.h */ = {isa = PBXFileReference; lastKnownFileType = sourcecode.c.h; name = stb_image_write.h; path = tinygltf/stb_image_write.h; sourceTree = "<group>"; };
		2707800721B5C9140081C27D /* tiny_gltf.h */ = {isa = PBXFileReference; lastKnownFileType = sourcecode.c.h; name = tiny_gltf.h; path = tinygltf/tiny_gltf.h; sourceTree = "<group>"; };
		2744672D21B1F39100E8338E /* glTF-quicklook.qlgenerator */ = {isa = PBXFileReference; explicitFileType = wrapper.cfbundle; includeInIndex = 0; path = "glTF-quicklook.qlgenerator"; sourceTree = BUILT_PRODUCTS_DIR; };
		2744673021B1F39100E8338E /* GenerateThumbnailForURL.m */ = {isa = PBXFileReference; lastKnownFileType = sourcecode.c.objc; path = GenerateThumbnailForURL.m; sourceTree = "<group>"; };
		2744673221B1F39100E8338E /* GeneratePreviewForURL.m */ = {isa = PBXFileReference; lastKnownFileType = sourcecode.c.objc; path = GeneratePreviewForURL.m; sourceTree = "<group>"; };
		2744673421B1F39100E8338E /* main.c */ = {isa = PBXFileReference; lastKnownFileType = sourcecode.c.c; path = main.c; sourceTree = "<group>"; };
		2744673621B1F39100E8338E /* Info.plist */ = {isa = PBXFileReference; lastKnownFileType = text.plist.xml; path = Info.plist; sourceTree = "<group>"; };
		27BDD5C5232D26F400D0A2F1 /* TinyGLTFSCN.h */ = {isa = PBXFileReference; lastKnownFileType = sourcecode.c.h; path = TinyGLTFSCN.h; sourceTree = "<group>"; };
		27BDD5C6232D26F400D0A2F1 /* TinyGLTFSCN.mm */ = {isa = PBXFileReference; lastKnownFileType = sourcecode.cpp.objcpp; path = TinyGLTFSCN.mm; sourceTree = "<group>"; };
		27BDD5C9232D292700D0A2F1 /* libdracodec.a */ = {isa = PBXFileReference; lastKnownFileType = archive.ar; name = libdracodec.a; path = ../../../../usr/local/Cellar/draco/1.3.5/lib/libdracodec.a; sourceTree = "<group>"; };
		27BDD5CA232D292700D0A2F1 /* libdraco.a */ = {isa = PBXFileReference; lastKnownFileType = archive.ar; name = libdraco.a; path = ../../../../usr/local/Cellar/draco/1.3.5/lib/libdraco.a; sourceTree = "<group>"; };
		27BDD5CB232D292800D0A2F1 /* libdracoenc.a */ = {isa = PBXFileReference; lastKnownFileType = archive.ar; name = libdracoenc.a; path = ../../../../usr/local/Cellar/draco/1.3.5/lib/libdracoenc.a; sourceTree = "<group>"; };
		27BDD5CF232D31E000D0A2F1 /* GLTFSCNAnimationTargetPair.h */ = {isa = PBXFileReference; lastKnownFileType = sourcecode.c.h; path = GLTFSCNAnimationTargetPair.h; sourceTree = "<group>"; };
		27BDD5D3232D6EB900D0A2F1 /* GLTFSCNAnimationTargetPair.m */ = {isa = PBXFileReference; lastKnownFileType = sourcecode.c.objc; path = GLTFSCNAnimationTargetPair.m; sourceTree = "<group>"; };
/* End PBXFileReference section */

/* Begin PBXFrameworksBuildPhase section */
		2744672A21B1F39100E8338E /* Frameworks */ = {
			isa = PBXFrameworksBuildPhase;
			buildActionMask = 2147483647;
			files = (
				27BDD5CC232D292800D0A2F1 /* libdracodec.a in Frameworks */,
				27BDD5CD232D292800D0A2F1 /* libdraco.a in Frameworks */,
				27BDD5CE232D292800D0A2F1 /* libdracoenc.a in Frameworks */,
				2707800821B5C9140081C27D /* json.hpp in Frameworks */,
				2707800921B5C9140081C27D /* stb_image.h in Frameworks */,
				2707800A21B5C9140081C27D /* stb_image_write.h in Frameworks */,
				2707800B21B5C9140081C27D /* tiny_gltf.h in Frameworks */,
			);
			runOnlyForDeploymentPostprocessing = 0;
		};
/* End PBXFrameworksBuildPhase section */

/* Begin PBXGroup section */
		27077F9221B58AC50081C27D /* Resources */ = {
			isa = PBXGroup;
			children = (
				27077F9021B57DC60081C27D /* ErrorSymbol.scn */,
			);
			name = Resources;
			sourceTree = "<group>";
		};
		2744672321B1F39100E8338E = {
			isa = PBXGroup;
			children = (
				27077F9221B58AC50081C27D /* Resources */,
				2744672F21B1F39100E8338E /* glTF-quicklook */,
				2744672E21B1F39100E8338E /* Products */,
				2744673F21B1F94300E8338E /* Frameworks */,
			);
			sourceTree = "<group>";
		};
		2744672E21B1F39100E8338E /* Products */ = {
			isa = PBXGroup;
			children = (
				2744672D21B1F39100E8338E /* glTF-quicklook.qlgenerator */,
			);
			name = Products;
			sourceTree = "<group>";
		};
		2744672F21B1F39100E8338E /* glTF-quicklook */ = {
			isa = PBXGroup;
			children = (
				27BDD5C2232D26AA00D0A2F1 /* TinyGLTFSCN */,
				2744673021B1F39100E8338E /* GenerateThumbnailForURL.m */,
				2744673221B1F39100E8338E /* GeneratePreviewForURL.m */,
				2744673421B1F39100E8338E /* main.c */,
				2744673621B1F39100E8338E /* Info.plist */,
				27077F9321B58C0D0081C27D /* SceneGenerator.h */,
				27077F9421B58C0D0081C27D /* SceneGenerator.m */,
				27077FCF21B5AE330081C27D /* ThumbnailGenerator.h */,
				27077FD021B5AE330081C27D /* ThumbnailGenerator.m */,
				27077FD321B5B24B0081C27D /* SCNScene+BoundingBox.h */,
				27077FD421B5B24B0081C27D /* SCNScene+BoundingBox.m */,
			);
			path = "glTF-quicklook";
			sourceTree = "<group>";
		};
		2744673F21B1F94300E8338E /* Frameworks */ = {
			isa = PBXGroup;
			children = (
				27BDD5CA232D292700D0A2F1 /* libdraco.a */,
				27BDD5C9232D292700D0A2F1 /* libdracodec.a */,
				27BDD5CB232D292800D0A2F1 /* libdracoenc.a */,
				2707800421B5C9140081C27D /* json.hpp */,
				2707800621B5C9140081C27D /* stb_image_write.h */,
				2707800521B5C9140081C27D /* stb_image.h */,
				2707800721B5C9140081C27D /* tiny_gltf.h */,
			);
			name = Frameworks;
			sourceTree = "<group>";
		};
		27BDD5C2232D26AA00D0A2F1 /* TinyGLTFSCN */ = {
			isa = PBXGroup;
			children = (
				27BDD5C5232D26F400D0A2F1 /* TinyGLTFSCN.h */,
				27BDD5C6232D26F400D0A2F1 /* TinyGLTFSCN.mm */,
				27BDD5CF232D31E000D0A2F1 /* GLTFSCNAnimationTargetPair.h */,
				27BDD5D3232D6EB900D0A2F1 /* GLTFSCNAnimationTargetPair.m */,
			);
			path = TinyGLTFSCN;
			sourceTree = "<group>";
		};
/* End PBXGroup section */

/* Begin PBXHeadersBuildPhase section */
		2744672821B1F39100E8338E /* Headers */ = {
			isa = PBXHeadersBuildPhase;
			buildActionMask = 2147483647;
			files = (
				27077FD121B5AE330081C27D /* ThumbnailGenerator.h in Headers */,
				27BDD5D1232D31E000D0A2F1 /* GLTFSCNAnimationTargetPair.h in Headers */,
				27077FCD21B5A20C0081C27D /* SceneGenerator.h in Headers */,
				27BDD5C7232D26F400D0A2F1 /* TinyGLTFSCN.h in Headers */,
				27077FD521B5B24B0081C27D /* SCNScene+BoundingBox.h in Headers */,
			);
			runOnlyForDeploymentPostprocessing = 0;
		};
/* End PBXHeadersBuildPhase section */

/* Begin PBXNativeTarget section */
		2744672C21B1F39100E8338E /* glTF-quicklook */ = {
			isa = PBXNativeTarget;
			buildConfigurationList = 2744673921B1F39100E8338E /* Build configuration list for PBXNativeTarget "glTF-quicklook" */;
			buildPhases = (
				2744672821B1F39100E8338E /* Headers */,
				2744672921B1F39100E8338E /* Sources */,
				2744672A21B1F39100E8338E /* Frameworks */,
				2744672B21B1F39100E8338E /* Resources */,
				2744674E21B1FA1100E8338E /* CopyFiles */,
			);
			buildRules = (
			);
			dependencies = (
			);
			name = "glTF-quicklook";
			productName = "glTF-qucklook";
			productReference = 2744672D21B1F39100E8338E /* glTF-quicklook.qlgenerator */;
			productType = "com.apple.product-type.bundle";
		};
/* End PBXNativeTarget section */

/* Begin PBXProject section */
		2744672421B1F39100E8338E /* Project object */ = {
			isa = PBXProject;
			attributes = {
				ORGANIZATIONNAME = "Klochkov Anton";
				LastUpgradeCheck = 1200;
				TargetAttributes = {
					2744672C21B1F39100E8338E = {
						CreatedOnToolsVersion = 10.1;
					};
				};
			};
			buildConfigurationList = 2744672721B1F39100E8338E /* Build configuration list for PBXProject "glTF-quicklook" */;
			compatibilityVersion = "Xcode 12.0";
			developmentRegion = en;
			hasScannedForEncodings = 0;
			knownRegions = (
				en,
				Base,
			);
			mainGroup = 2744672321B1F39100E8338E;
			productRefGroup = 2744672E21B1F39100E8338E /* Products */;
			projectDirPath = "";
			projectRoot = "";
			targets = (
				2744672C21B1F39100E8338E /* glTF-quicklook */,
			);
		};
/* End PBXProject section */

/* Begin PBXResourcesBuildPhase section */
		2744672B21B1F39100E8338E /* Resources */ = {
			isa = PBXResourcesBuildPhase;
			buildActionMask = 2147483647;
			files = (
				27077F9121B57DD00081C27D /* ErrorSymbol.scn in Resources */,
			);
			runOnlyForDeploymentPostprocessing = 0;
		};
/* End PBXResourcesBuildPhase section */

/* Begin PBXSourcesBuildPhase section */
		2744672921B1F39100E8338E /* Sources */ = {
			isa = PBXSourcesBuildPhase;
			buildActionMask = 2147483647;
			files = (
				27077FCE21B5A20C0081C27D /* SceneGenerator.m in Sources */,
				2744673121B1F39100E8338E /* GenerateThumbnailForURL.m in Sources */,
				27077FD221B5AE330081C27D /* ThumbnailGenerator.m in Sources */,
				27BDD5D4232D6EB900D0A2F1 /* GLTFSCNAnimationTargetPair.m in Sources */,
				2744673321B1F39100E8338E /* GeneratePreviewForURL.m in Sources */,
				27077FD621B5B24B0081C27D /* SCNScene+BoundingBox.m in Sources */,
				2744673521B1F39100E8338E /* main.c in Sources */,
				27BDD5C8232D26F400D0A2F1 /* TinyGLTFSCN.mm in Sources */,
			);
			runOnlyForDeploymentPostprocessing = 0;
		};
/* End PBXSourcesBuildPhase section */

/* Begin XCBuildConfiguration section */
		2744673721B1F39100E8338E /* Debug */ = {
			isa = XCBuildConfiguration;
			buildSettings = {
				ALWAYS_EMBED_SWIFT_STANDARD_LIBRARIES = YES;
				ALWAYS_SEARCH_USER_PATHS = NO;
				CLANG_ANALYZER_NONNULL = YES;
				CLANG_ANALYZER_NUMBER_OBJECT_CONVERSION = YES_AGGRESSIVE;
				CLANG_CXX_LANGUAGE_STANDARD = "gnu++14";
				CLANG_CXX_LIBRARY = "libc++";
				CLANG_ENABLE_MODULES = YES;
				CLANG_ENABLE_OBJC_ARC = YES;
				CLANG_ENABLE_OBJC_WEAK = YES;
				CLANG_WARN_BLOCK_CAPTURE_AUTORELEASING = YES;
				CLANG_WARN_BOOL_CONVERSION = YES;
				CLANG_WARN_COMMA = YES;
				CLANG_WARN_CONSTANT_CONVERSION = YES;
				CLANG_WARN_DEPRECATED_OBJC_IMPLEMENTATIONS = YES;
				CLANG_WARN_DIRECT_OBJC_ISA_USAGE = YES_ERROR;
				CLANG_WARN_DOCUMENTATION_COMMENTS = YES;
				CLANG_WARN_EMPTY_BODY = YES;
				CLANG_WARN_ENUM_CONVERSION = YES;
				CLANG_WARN_INFINITE_RECURSION = YES;
				CLANG_WARN_INT_CONVERSION = YES;
				CLANG_WARN_NON_LITERAL_NULL_CONVERSION = YES;
				CLANG_WARN_OBJC_IMPLICIT_RETAIN_SELF = YES;
				CLANG_WARN_OBJC_LITERAL_CONVERSION = YES;
				CLANG_WARN_OBJC_ROOT_CLASS = YES_ERROR;
				CLANG_WARN_QUOTED_INCLUDE_IN_FRAMEWORK_HEADER = YES;
				CLANG_WARN_RANGE_LOOP_ANALYSIS = YES;
				CLANG_WARN_STRICT_PROTOTYPES = YES;
				CLANG_WARN_SUSPICIOUS_MOVE = YES;
				CLANG_WARN_UNGUARDED_AVAILABILITY = YES_AGGRESSIVE;
				CLANG_WARN_UNREACHABLE_CODE = YES;
				CLANG_WARN__DUPLICATE_METHOD_MATCH = YES;
				CODE_SIGN_IDENTITY = "Mac Developer";
				COPY_PHASE_STRIP = NO;
				DEBUG_INFORMATION_FORMAT = dwarf;
				ENABLE_STRICT_OBJC_MSGSEND = YES;
				ENABLE_TESTABILITY = YES;
				GCC_C_LANGUAGE_STANDARD = gnu11;
				GCC_DYNAMIC_NO_PIC = NO;
				GCC_NO_COMMON_BLOCKS = YES;
				GCC_OPTIMIZATION_LEVEL = 0;
				GCC_PREPROCESSOR_DEFINITIONS = (
					"DEBUG=1",
					"$(inherited)",
				);
				GCC_WARN_64_TO_32_BIT_CONVERSION = YES;
				GCC_WARN_ABOUT_RETURN_TYPE = YES_ERROR;
				GCC_WARN_UNDECLARED_SELECTOR = YES;
				GCC_WARN_UNINITIALIZED_AUTOS = YES_AGGRESSIVE;
				GCC_WARN_UNUSED_FUNCTION = YES;
				GCC_WARN_UNUSED_VARIABLE = YES;
				MACOSX_DEPLOYMENT_TARGET = 10.14;
				MTL_ENABLE_DEBUG_INFO = INCLUDE_SOURCE;
				MTL_FAST_MATH = YES;
				ONLY_ACTIVE_ARCH = YES;
				SDKROOT = macosx;
			};
			name = Debug;
		};
		2744673821B1F39100E8338E /* Release */ = {
			isa = XCBuildConfiguration;
			buildSettings = {
				ALWAYS_EMBED_SWIFT_STANDARD_LIBRARIES = YES;
				ALWAYS_SEARCH_USER_PATHS = NO;
				CLANG_ANALYZER_NONNULL = YES;
				CLANG_ANALYZER_NUMBER_OBJECT_CONVERSION = YES_AGGRESSIVE;
				CLANG_CXX_LANGUAGE_STANDARD = "gnu++14";
				CLANG_CXX_LIBRARY = "libc++";
				CLANG_ENABLE_MODULES = YES;
				CLANG_ENABLE_OBJC_ARC = YES;
				CLANG_ENABLE_OBJC_WEAK = YES;
				CLANG_WARN_BLOCK_CAPTURE_AUTORELEASING = YES;
				CLANG_WARN_BOOL_CONVERSION = YES;
				CLANG_WARN_COMMA = YES;
				CLANG_WARN_CONSTANT_CONVERSION = YES;
				CLANG_WARN_DEPRECATED_OBJC_IMPLEMENTATIONS = YES;
				CLANG_WARN_DIRECT_OBJC_ISA_USAGE = YES_ERROR;
				CLANG_WARN_DOCUMENTATION_COMMENTS = YES;
				CLANG_WARN_EMPTY_BODY = YES;
				CLANG_WARN_ENUM_CONVERSION = YES;
				CLANG_WARN_INFINITE_RECURSION = YES;
				CLANG_WARN_INT_CONVERSION = YES;
				CLANG_WARN_NON_LITERAL_NULL_CONVERSION = YES;
				CLANG_WARN_OBJC_IMPLICIT_RETAIN_SELF = YES;
				CLANG_WARN_OBJC_LITERAL_CONVERSION = YES;
				CLANG_WARN_OBJC_ROOT_CLASS = YES_ERROR;
				CLANG_WARN_QUOTED_INCLUDE_IN_FRAMEWORK_HEADER = YES;
				CLANG_WARN_RANGE_LOOP_ANALYSIS = YES;
				CLANG_WARN_STRICT_PROTOTYPES = YES;
				CLANG_WARN_SUSPICIOUS_MOVE = YES;
				CLANG_WARN_UNGUARDED_AVAILABILITY = YES_AGGRESSIVE;
				CLANG_WARN_UNREACHABLE_CODE = YES;
				CLANG_WARN__DUPLICATE_METHOD_MATCH = YES;
				CODE_SIGN_IDENTITY = "Mac Developer";
				COPY_PHASE_STRIP = NO;
				DEBUG_INFORMATION_FORMAT = "dwarf-with-dsym";
				ENABLE_NS_ASSERTIONS = NO;
				ENABLE_STRICT_OBJC_MSGSEND = YES;
				GCC_C_LANGUAGE_STANDARD = gnu11;
				GCC_NO_COMMON_BLOCKS = YES;
				GCC_WARN_64_TO_32_BIT_CONVERSION = YES;
				GCC_WARN_ABOUT_RETURN_TYPE = YES_ERROR;
				GCC_WARN_UNDECLARED_SELECTOR = YES;
				GCC_WARN_UNINITIALIZED_AUTOS = YES_AGGRESSIVE;
				GCC_WARN_UNUSED_FUNCTION = YES;
				GCC_WARN_UNUSED_VARIABLE = YES;
				MACOSX_DEPLOYMENT_TARGET = 10.14;
				MTL_ENABLE_DEBUG_INFO = NO;
				MTL_FAST_MATH = YES;
				SDKROOT = macosx;
			};
			name = Release;
		};
		2744673A21B1F39100E8338E /* Debug */ = {
			isa = XCBuildConfiguration;
			buildSettings = {
				CLANG_ALLOW_NON_MODULAR_INCLUDES_IN_FRAMEWORK_MODULES = YES;
				CLANG_CXX_LANGUAGE_STANDARD = "gnu++14";
				CLANG_CXX_LIBRARY = "libc++";
				CLANG_MODULES_DISABLE_PRIVATE_WARNING = YES;
				CODE_SIGN_STYLE = Automatic;
				COMBINE_HIDPI_IMAGES = YES;
				DEVELOPMENT_TEAM = 9K99AL2M82;
				EMBED_ASSET_PACKS_IN_PRODUCT_BUNDLE = YES;
				FRAMEWORK_SEARCH_PATHS = "$(inherited)";
				GCC_INPUT_FILETYPE = automatic;
				HEADER_SEARCH_PATHS = /usr/local/Cellar/draco/1.3.6/include;
				INFOPLIST_FILE = "$(SRCROOT)/glTF-quicklook/Info.plist";
				INSTALL_PATH = /Library/QuickLook;
				LD_RUNPATH_SEARCH_PATHS = "@loader_path/../Frameworks/";
				LIBRARY_SEARCH_PATHS = (
					"$(inherited)",
					/usr/local/Cellar/draco/1.3.6/lib,
				);
				MACOSX_DEPLOYMENT_TARGET = 10.15;
				ONLY_ACTIVE_ARCH = YES;
				OTHER_CPLUSPLUSFLAGS = "$(OTHER_CFLAGS)";
				PRODUCT_BUNDLE_IDENTIFIER = "com.ITS.glTF-quicklook";
				PRODUCT_NAME = "$(TARGET_NAME)";
				WRAPPER_EXTENSION = qlgenerator;
			};
			name = Debug;
		};
		2744673B21B1F39100E8338E /* Release */ = {
			isa = XCBuildConfiguration;
			buildSettings = {
				CLANG_ALLOW_NON_MODULAR_INCLUDES_IN_FRAMEWORK_MODULES = YES;
				CLANG_CXX_LANGUAGE_STANDARD = "gnu++14";
				CLANG_CXX_LIBRARY = "libc++";
				CLANG_MODULES_DISABLE_PRIVATE_WARNING = YES;
				CODE_SIGN_STYLE = Automatic;
				COMBINE_HIDPI_IMAGES = YES;
				DEVELOPMENT_TEAM = 9K99AL2M82;
				EMBED_ASSET_PACKS_IN_PRODUCT_BUNDLE = YES;
				FRAMEWORK_SEARCH_PATHS = "$(inherited)";
				GCC_INPUT_FILETYPE = automatic;
				HEADER_SEARCH_PATHS = /usr/local/Cellar/draco/1.3.6/include;
				INFOPLIST_FILE = "$(SRCROOT)/glTF-quicklook/Info.plist";
				INSTALL_PATH = /Library/QuickLook;
				LD_RUNPATH_SEARCH_PATHS = "@loader_path/../Frameworks/";
				LIBRARY_SEARCH_PATHS = (
					"$(inherited)",
					/usr/local/Cellar/draco/1.3.6/lib,
				);
				MACOSX_DEPLOYMENT_TARGET = 10.15;
				OTHER_CPLUSPLUSFLAGS = "$(OTHER_CFLAGS)";
				PRODUCT_BUNDLE_IDENTIFIER = "com.ITS.glTF-quicklook";
				PRODUCT_NAME = "$(TARGET_NAME)";
				WRAPPER_EXTENSION = qlgenerator;
			};
			name = Release;
		};
/* End XCBuildConfiguration section */

/* Begin XCConfigurationList section */
		2744672721B1F39100E8338E /* Build configuration list for PBXProject "glTF-quicklook" */ = {
			isa = XCConfigurationList;
			buildConfigurations = (
				2744673721B1F39100E8338E /* Debug */,
				2744673821B1F39100E8338E /* Release */,
			);
			defaultConfigurationIsVisible = 0;
			defaultConfigurationName = Release;
		};
		2744673921B1F39100E8338E /* Build configuration list for PBXNativeTarget "glTF-quicklook" */ = {
			isa = XCConfigurationList;
			buildConfigurations = (
				2744673A21B1F39100E8338E /* Debug */,
				2744673B21B1F39100E8338E /* Release */,
			);
			defaultConfigurationIsVisible = 0;
			defaultConfigurationName = Release;
		};
/* End XCConfigurationList section */
	};
	rootObject = 2744672421B1F39100E8338E /* Project object */;
}
